
Microsoft Visual Studio Solution File, Format Version 12.00
# Visual Studio Version 17
VisualStudioVersion = 17.7.34031.279
MinimumVisualStudioVersion = 10.0.40219.1
Project("{151D2E53-A2C4-4D7D-83FE-D05416EBD58E}") = "esha_logic", "esha_logic\esha_logic.deployproj", "{7D2D8D29-784C-4737-92EA-F91118239E02}"
EndProject
Global
	GlobalSection(SolutionConfigurationPlatforms) = preSolution
		Debug|Any CPU = Debug|Any CPU
		Release|Any CPU = Release|Any CPU
	EndGlobalSection
	GlobalSection(ProjectConfigurationPlatforms) = postSolution
		{7D2D8D29-784C-4737-92EA-F91118239E02}.Debug|Any CPU.ActiveCfg = Debug|Any CPU
		{7D2D8D29-784C-4737-92EA-F91118239E02}.Debug|Any CPU.Build.0 = Debug|Any CPU
		{7D2D8D29-784C-4737-92EA-F91118239E02}.Release|Any CPU.ActiveCfg = Release|Any CPU
		{7D2D8D29-784C-4737-92EA-F91118239E02}.Release|Any CPU.Build.0 = Release|Any CPU
	EndGlobalSection
	GlobalSection(SolutionProperties) = preSolution
		HideSolutionNode = FALSE
	EndGlobalSection
	GlobalSection(ExtensibilityGlobals) = postSolution
		SolutionGuid = {9126B392-D0E9-47E8-A523-DB43D750632F}
	EndGlobalSection
EndGlobal
